{
  "requires": true,
  "lockfileVersion": 1,
  "dependencies": {
    "spherical-geometry-js": {
      "version": "3.0.0",
      "resolved": "https://registry.npmjs.org/spherical-geometry-js/-/spherical-geometry-js-3.0.0.tgz",
      "integrity": "sha512-PvfGTBRSyoAr3KGk/pTkqA7vCMO0lXilnmh6DfiTrO4RhRz++RTbMbUXKcmkmw8olh2wWVVY2qx8sl5hJ+JpVg=="
    }
  }
}
